
Microsoft Visual Studio Solution File, Format Version 12.00
# Visual Studio 15
VisualStudioVersion = 15.0.26124.0
MinimumVisualStudioVersion = 15.0.26124.0
Project("{2150E333-8FDC-42A3-9474-1A3956D46DE8}") = "src", "src", "{DA547898-6ECF-4C74-A2B4-E6B00F3B219E}"
EndProject
Project("{FAE04EC0-301F-11D3-BF4B-00C04F79EFBC}") = "Manager.API", "src\Manager.API\Manager.API.csproj", "{E2FD53D4-E716-4141-B072-18DDC373FA33}"
EndProject
Project("{FAE04EC0-301F-11D3-BF4B-00C04F79EFBC}") = "Manager.Domain", "src\Manager.Domain\Manager.Domain.csproj", "{B820FA8A-D2E5-4785-98BC-27A2F1233810}"
EndProject
Project("{FAE04EC0-301F-11D3-BF4B-00C04F79EFBC}") = "Manager.Services", "src\Manager.Services\Manager.Services.csproj", "{DDE0E5A6-18D5-4C04-A55F-6B5F266866FE}"
EndProject
Project("{FAE04EC0-301F-11D3-BF4B-00C04F79EFBC}") = "Manager.Infra", "src\Manager.Infra\Manager.Infra.csproj", "{C8E67D9E-0B69-4838-BDB8-294BEFA1804B}"
EndProject
Project("{FAE04EC0-301F-11D3-BF4B-00C04F79EFBC}") = "Manager.Core", "src\Manager.Core\Manager.Core.csproj", "{DFEA1109-86C4-4BBA-BC99-1CB7F91CBCE7}"
EndProject
Global
	GlobalSection(SolutionConfigurationPlatforms) = preSolution
		Debug|Any CPU = Debug|Any CPU
		Debug|x64 = Debug|x64
		Debug|x86 = Debug|x86
		Release|Any CPU = Release|Any CPU
		Release|x64 = Release|x64
		Release|x86 = Release|x86
	EndGlobalSection
	GlobalSection(SolutionProperties) = preSolution
		HideSolutionNode = FALSE
	EndGlobalSection
	GlobalSection(ProjectConfigurationPlatforms) = postSolution
		{E2FD53D4-E716-4141-B072-18DDC373FA33}.Debug|Any CPU.ActiveCfg = Debug|Any CPU
		{E2FD53D4-E716-4141-B072-18DDC373FA33}.Debug|Any CPU.Build.0 = Debug|Any CPU
		{E2FD53D4-E716-4141-B072-18DDC373FA33}.Debug|x64.ActiveCfg = Debug|Any CPU
		{E2FD53D4-E716-4141-B072-18DDC373FA33}.Debug|x64.Build.0 = Debug|Any CPU
		{E2FD53D4-E716-4141-B072-18DDC373FA33}.Debug|x86.ActiveCfg = Debug|Any CPU
		{E2FD53D4-E716-4141-B072-18DDC373FA33}.Debug|x86.Build.0 = Debug|Any CPU
		{E2FD53D4-E716-4141-B072-18DDC373FA33}.Release|Any CPU.ActiveCfg = Release|Any CPU
		{E2FD53D4-E716-4141-B072-18DDC373FA33}.Release|Any CPU.Build.0 = Release|Any CPU
		{E2FD53D4-E716-4141-B072-18DDC373FA33}.Release|x64.ActiveCfg = Release|Any CPU
		{E2FD53D4-E716-4141-B072-18DDC373FA33}.Release|x64.Build.0 = Release|Any CPU
		{E2FD53D4-E716-4141-B072-18DDC373FA33}.Release|x86.ActiveCfg = Release|Any CPU
		{E2FD53D4-E716-4141-B072-18DDC373FA33}.Release|x86.Build.0 = Release|Any CPU
		{B820FA8A-D2E5-4785-98BC-27A2F1233810}.Debug|Any CPU.ActiveCfg = Debug|Any CPU
		{B820FA8A-D2E5-4785-98BC-27A2F1233810}.Debug|Any CPU.Build.0 = Debug|Any CPU
		{B820FA8A-D2E5-4785-98BC-27A2F1233810}.Debug|x64.ActiveCfg = Debug|Any CPU
		{B820FA8A-D2E5-4785-98BC-27A2F1233810}.Debug|x64.Build.0 = Debug|Any CPU
		{B820FA8A-D2E5-4785-98BC-27A2F1233810}.Debug|x86.ActiveCfg = Debug|Any CPU
		{B820FA8A-D2E5-4785-98BC-27A2F1233810}.Debug|x86.Build.0 = Debug|Any CPU
		{B820FA8A-D2E5-4785-98BC-27A2F1233810}.Release|Any CPU.ActiveCfg = Release|Any CPU
		{B820FA8A-D2E5-4785-98BC-27A2F1233810}.Release|Any CPU.Build.0 = Release|Any CPU
		{B820FA8A-D2E5-4785-98BC-27A2F1233810}.Release|x64.ActiveCfg = Release|Any CPU
		{B820FA8A-D2E5-4785-98BC-27A2F1233810}.Release|x64.Build.0 = Release|Any CPU
		{B820FA8A-D2E5-4785-98BC-27A2F1233810}.Release|x86.ActiveCfg = Release|Any CPU
		{B820FA8A-D2E5-4785-98BC-27A2F1233810}.Release|x86.Build.0 = Release|Any CPU
		{DDE0E5A6-18D5-4C04-A55F-6B5F266866FE}.Debug|Any CPU.ActiveCfg = Debug|Any CPU
		{DDE0E5A6-18D5-4C04-A55F-6B5F266866FE}.Debug|Any CPU.Build.0 = Debug|Any CPU
		{DDE0E5A6-18D5-4C04-A55F-6B5F266866FE}.Debug|x64.ActiveCfg = Debug|Any CPU
		{DDE0E5A6-18D5-4C04-A55F-6B5F266866FE}.Debug|x64.Build.0 = Debug|Any CPU
		{DDE0E5A6-18D5-4C04-A55F-6B5F266866FE}.Debug|x86.ActiveCfg = Debug|Any CPU
		{DDE0E5A6-18D5-4C04-A55F-6B5F266866FE}.Debug|x86.Build.0 = Debug|Any CPU
		{DDE0E5A6-18D5-4C04-A55F-6B5F266866FE}.Release|Any CPU.ActiveCfg = Release|Any CPU
		{DDE0E5A6-18D5-4C04-A55F-6B5F266866FE}.Release|Any CPU.Build.0 = Release|Any CPU
		{DDE0E5A6-18D5-4C04-A55F-6B5F266866FE}.Release|x64.ActiveCfg = Release|Any CPU
		{DDE0E5A6-18D5-4C04-A55F-6B5F266866FE}.Release|x64.Build.0 = Release|Any CPU
		{DDE0E5A6-18D5-4C04-A55F-6B5F266866FE}.Release|x86.ActiveCfg = Release|Any CPU
		{DDE0E5A6-18D5-4C04-A55F-6B5F266866FE}.Release|x86.Build.0 = Release|Any CPU
		{C8E67D9E-0B69-4838-BDB8-294BEFA1804B}.Debug|Any CPU.ActiveCfg = Debug|Any CPU
		{C8E67D9E-0B69-4838-BDB8-294BEFA1804B}.Debug|Any CPU.Build.0 = Debug|Any CPU
		{C8E67D9E-0B69-4838-BDB8-294BEFA1804B}.Debug|x64.ActiveCfg = Debug|Any CPU
		{C8E67D9E-0B69-4838-BDB8-294BEFA1804B}.Debug|x64.Build.0 = Debug|Any CPU
		{C8E67D9E-0B69-4838-BDB8-294BEFA1804B}.Debug|x86.ActiveCfg = Debug|Any CPU
		{C8E67D9E-0B69-4838-BDB8-294BEFA1804B}.Debug|x86.Build.0 = Debug|Any CPU
		{C8E67D9E-0B69-4838-BDB8-294BEFA1804B}.Release|Any CPU.ActiveCfg = Release|Any CPU
		{C8E67D9E-0B69-4838-BDB8-294BEFA1804B}.Release|Any CPU.Build.0 = Release|Any CPU
		{C8E67D9E-0B69-4838-BDB8-294BEFA1804B}.Release|x64.ActiveCfg = Release|Any CPU
		{C8E67D9E-0B69-4838-BDB8-294BEFA1804B}.Release|x64.Build.0 = Release|Any CPU
		{C8E67D9E-0B69-4838-BDB8-294BEFA1804B}.Release|x86.ActiveCfg = Release|Any CPU
		{C8E67D9E-0B69-4838-BDB8-294BEFA1804B}.Release|x86.Build.0 = Release|Any CPU
		{DFEA1109-86C4-4BBA-BC99-1CB7F91CBCE7}.Debug|Any CPU.ActiveCfg = Debug|Any CPU
		{DFEA1109-86C4-4BBA-BC99-1CB7F91CBCE7}.Debug|Any CPU.Build.0 = Debug|Any CPU
		{DFEA1109-86C4-4BBA-BC99-1CB7F91CBCE7}.Debug|x64.ActiveCfg = Debug|Any CPU
		{DFEA1109-86C4-4BBA-BC99-1CB7F91CBCE7}.Debug|x64.Build.0 = Debug|Any CPU
		{DFEA1109-86C4-4BBA-BC99-1CB7F91CBCE7}.Debug|x86.ActiveCfg = Debug|Any CPU
		{DFEA1109-86C4-4BBA-BC99-1CB7F91CBCE7}.Debug|x86.Build.0 = Debug|Any CPU
		{DFEA1109-86C4-4BBA-BC99-1CB7F91CBCE7}.Release|Any CPU.ActiveCfg = Release|Any CPU
		{DFEA1109-86C4-4BBA-BC99-1CB7F91CBCE7}.Release|Any CPU.Build.0 = Release|Any CPU
		{DFEA1109-86C4-4BBA-BC99-1CB7F91CBCE7}.Release|x64.ActiveCfg = Release|Any CPU
		{DFEA1109-86C4-4BBA-BC99-1CB7F91CBCE7}.Release|x64.Build.0 = Release|Any CPU
		{DFEA1109-86C4-4BBA-BC99-1CB7F91CBCE7}.Release|x86.ActiveCfg = Release|Any CPU
		{DFEA1109-86C4-4BBA-BC99-1CB7F91CBCE7}.Release|x86.Build.0 = Release|Any CPU
	EndGlobalSection
	GlobalSection(NestedProjects) = preSolution
		{E2FD53D4-E716-4141-B072-18DDC373FA33} = {DA547898-6ECF-4C74-A2B4-E6B00F3B219E}
		{B820FA8A-D2E5-4785-98BC-27A2F1233810} = {DA547898-6ECF-4C74-A2B4-E6B00F3B219E}
		{DDE0E5A6-18D5-4C04-A55F-6B5F266866FE} = {DA547898-6ECF-4C74-A2B4-E6B00F3B219E}
		{C8E67D9E-0B69-4838-BDB8-294BEFA1804B} = {DA547898-6ECF-4C74-A2B4-E6B00F3B219E}
		{DFEA1109-86C4-4BBA-BC99-1CB7F91CBCE7} = {DA547898-6ECF-4C74-A2B4-E6B00F3B219E}
	EndGlobalSection
EndGlobal
